
Microsoft Visual Studio Solution File, Format Version 12.00
# Visual Studio 14
VisualStudioVersion = 14.0.25420.1
MinimumVisualStudioVersion = 10.0.40219.1
Project("{A07B5EB6-E848-4116-A8D0-A826331D98C6}") = "GameFabric.Gateway", "GameFabric.Gateway\GameFabric.Gateway.sfproj", "{E70E70E8-B6EF-4858-B1E9-43807BA9ED0B}"
EndProject
Project("{FAE04EC0-301F-11D3-BF4B-00C04F79EFBC}") = "Services.Gateway", "Services.Gateway\Services.Gateway.csproj", "{A9787907-9DAE-4DD0-8057-5B22F1EF2A53}"
EndProject
Project("{2150E333-8FDC-42A3-9474-1A3956D46DE8}") = "Services", "Services", "{A774C855-46E5-4D56-B309-B3B7DA38672C}"
EndProject
Project("{2150E333-8FDC-42A3-9474-1A3956D46DE8}") = "Actors", "Actors", "{29B4BDF9-A71A-4E5F-ADC6-C95B94CA2EDF}"
EndProject
Project("{FAE04EC0-301F-11D3-BF4B-00C04F79EFBC}") = "GameFabric.Interfaces", "GameFabric.Interfaces\GameFabric.Interfaces.csproj", "{3B2940C9-613B-4ADE-AB36-301718329CDB}"
EndProject
Project("{FAE04EC0-301F-11D3-BF4B-00C04F79EFBC}") = "GameFabric.Models", "GameFabric.Models\GameFabric.Models.csproj", "{0A21035F-922C-4901-ACC2-5D3B5AC76C4C}"
EndProject
Project("{FAE04EC0-301F-11D3-BF4B-00C04F79EFBC}") = "GameFabric.Processors", "GameFabric.Processors\GameFabric.Processors.csproj", "{EF90F427-7461-4507-9154-D64A3D58487A}"
EndProject
Project("{2150E333-8FDC-42A3-9474-1A3956D46DE8}") = "Common", "Common", "{54F42B20-575F-407E-ABCF-681370D0687D}"
EndProject
Project("{FAE04EC0-301F-11D3-BF4B-00C04F79EFBC}") = "GameFabric.Common", "GameFabric.Common\GameFabric.Common.csproj", "{CA0CB117-B0F8-40DD-B563-53B26D009E80}"
EndProject
Project("{FAE04EC0-301F-11D3-BF4B-00C04F79EFBC}") = "GameFabric.SignalR", "GameFabric.SignalR\GameFabric.SignalR.csproj", "{87EB8BCF-882E-4154-8ABD-BD6B85AF002C}"
EndProject
Project("{FAE04EC0-301F-11D3-BF4B-00C04F79EFBC}") = "Actors.Gate", "Actors.Gate\Actors.Gate.csproj", "{7732FF63-E7B4-4721-8516-9762169EB56E}"
EndProject
Project("{FAE04EC0-301F-11D3-BF4B-00C04F79EFBC}") = "GameFabric.Shared", "GameFabric.Shared\GameFabric.Shared.csproj", "{7C0CD488-C747-411B-9283-122596E88090}"
EndProject
Project("{FAE04EC0-301F-11D3-BF4B-00C04F79EFBC}") = "GameFabric.Processors.Interfaces", "GameFabric.Processors.Interfaces\GameFabric.Processors.Interfaces.csproj", "{D076EF4B-69C1-40C8-BD02-24C37074F53C}"
EndProject
Project("{FAE04EC0-301F-11D3-BF4B-00C04F79EFBC}") = "GameFabric.Processors.Shared", "GameFabric.Processors.Shared\GameFabric.Processors.Shared.csproj", "{EBC29621-454E-4550-8491-EAEF4B29986B}"
EndProject
Project("{A07B5EB6-E848-4116-A8D0-A826331D98C6}") = "GameFabric.Data", "GameFabric.Data\GameFabric.Data.sfproj", "{35EB291A-054A-4A6E-94F3-E30CF6B00484}"
EndProject
Project("{FAE04EC0-301F-11D3-BF4B-00C04F79EFBC}") = "Actors.GenericStorage", "Actors.GenericStorage\Actors.GenericStorage.csproj", "{93DEDF60-F8E4-4BD9-AC23-168556165931}"
EndProject
Project("{FAE04EC0-301F-11D3-BF4B-00C04F79EFBC}") = "Actors.Statistics", "Actors.Statistics\Actors.Statistics.csproj", "{68F340B3-6A52-406C-91CB-D25A1425ACDF}"
EndProject
Project("{A07B5EB6-E848-4116-A8D0-A826331D98C6}") = "GameFabric.App", "GameFabric.App\GameFabric.App.sfproj", "{34DC23FA-F837-4677-B8D9-830E0D19530A}"
EndProject
Project("{FAE04EC0-301F-11D3-BF4B-00C04F79EFBC}") = "Actors.User", "Actors.User\Actors.User.csproj", "{60FA741A-D1DA-4812-AE2B-7586512211D9}"
EndProject
Project("{FAE04EC0-301F-11D3-BF4B-00C04F79EFBC}") = "Actors.Login", "Actors.Login\Actors.Login.csproj", "{D80BE7A4-1D5A-467E-892E-156EEC13E626}"
EndProject
Project("{FAE04EC0-301F-11D3-BF4B-00C04F79EFBC}") = "Actors.Session", "Actors.Session\Actors.Session.csproj", "{FEBB4D3B-9C4A-45CA-A305-1F9D135D0A40}"
EndProject
Project("{FAE04EC0-301F-11D3-BF4B-00C04F79EFBC}") = "GameFabric.Logging", "GameFabric.Logging\GameFabric.Logging.csproj", "{792F3BDB-19CC-4DAF-A31B-50AB5812AD89}"
EndProject
Project("{FAE04EC0-301F-11D3-BF4B-00C04F79EFBC}") = "Services.LogService", "Services.LogService\Services.LogService.csproj", "{7C2E8A2F-5CCC-4BE8-94B4-3330183FCFA4}"
EndProject
Project("{FAE04EC0-301F-11D3-BF4B-00C04F79EFBC}") = "Actors.Tank", "Actors.Tank\Actors.Tank.csproj", "{338353BE-2143-4CD1-B25D-140C0E3AAD81}"
EndProject
Project("{FAE04EC0-301F-11D3-BF4B-00C04F79EFBC}") = "Actors.TankGameSession", "Actors.TankGameSession\Actors.TankGameSession.csproj", "{6F60D6D1-9AE3-40BF-8C8F-77373D2819F2}"
EndProject
Project("{FAE04EC0-301F-11D3-BF4B-00C04F79EFBC}") = "Actors.TankGameSessionList", "Actors.TankGameSessionList\Actors.TankGameSessionList.csproj", "{1AB9EE5D-09D7-4BEA-A3B9-AC7A7AD06B3A}"
EndProject
Global
	GlobalSection(SolutionConfigurationPlatforms) = preSolution
		Debug|Any CPU = Debug|Any CPU
		Debug|x64 = Debug|x64
		Release|Any CPU = Release|Any CPU
		Release|x64 = Release|x64
	EndGlobalSection
	GlobalSection(ProjectConfigurationPlatforms) = postSolution
		{E70E70E8-B6EF-4858-B1E9-43807BA9ED0B}.Debug|Any CPU.ActiveCfg = Debug|x64
		{E70E70E8-B6EF-4858-B1E9-43807BA9ED0B}.Debug|x64.ActiveCfg = Debug|x64
		{E70E70E8-B6EF-4858-B1E9-43807BA9ED0B}.Debug|x64.Build.0 = Debug|x64
		{E70E70E8-B6EF-4858-B1E9-43807BA9ED0B}.Debug|x64.Deploy.0 = Debug|x64
		{E70E70E8-B6EF-4858-B1E9-43807BA9ED0B}.Release|Any CPU.ActiveCfg = Release|x64
		{E70E70E8-B6EF-4858-B1E9-43807BA9ED0B}.Release|x64.ActiveCfg = Release|x64
		{E70E70E8-B6EF-4858-B1E9-43807BA9ED0B}.Release|x64.Build.0 = Release|x64
		{E70E70E8-B6EF-4858-B1E9-43807BA9ED0B}.Release|x64.Deploy.0 = Release|x64
		{A9787907-9DAE-4DD0-8057-5B22F1EF2A53}.Debug|Any CPU.ActiveCfg = Debug|x64
		{A9787907-9DAE-4DD0-8057-5B22F1EF2A53}.Debug|x64.ActiveCfg = Debug|x64
		{A9787907-9DAE-4DD0-8057-5B22F1EF2A53}.Debug|x64.Build.0 = Debug|x64
		{A9787907-9DAE-4DD0-8057-5B22F1EF2A53}.Release|Any CPU.ActiveCfg = Release|x64
		{A9787907-9DAE-4DD0-8057-5B22F1EF2A53}.Release|x64.ActiveCfg = Release|x64
		{A9787907-9DAE-4DD0-8057-5B22F1EF2A53}.Release|x64.Build.0 = Release|x64
		{3B2940C9-613B-4ADE-AB36-301718329CDB}.Debug|Any CPU.ActiveCfg = Debug|Any CPU
		{3B2940C9-613B-4ADE-AB36-301718329CDB}.Debug|Any CPU.Build.0 = Debug|Any CPU
		{3B2940C9-613B-4ADE-AB36-301718329CDB}.Debug|x64.ActiveCfg = Debug|x64
		{3B2940C9-613B-4ADE-AB36-301718329CDB}.Debug|x64.Build.0 = Debug|x64
		{3B2940C9-613B-4ADE-AB36-301718329CDB}.Release|Any CPU.ActiveCfg = Release|Any CPU
		{3B2940C9-613B-4ADE-AB36-301718329CDB}.Release|Any CPU.Build.0 = Release|Any CPU
		{3B2940C9-613B-4ADE-AB36-301718329CDB}.Release|x64.ActiveCfg = Release|Any CPU
		{3B2940C9-613B-4ADE-AB36-301718329CDB}.Release|x64.Build.0 = Release|Any CPU
		{0A21035F-922C-4901-ACC2-5D3B5AC76C4C}.Debug|Any CPU.ActiveCfg = Debug|Any CPU
		{0A21035F-922C-4901-ACC2-5D3B5AC76C4C}.Debug|Any CPU.Build.0 = Debug|Any CPU
		{0A21035F-922C-4901-ACC2-5D3B5AC76C4C}.Debug|x64.ActiveCfg = Debug|x64
		{0A21035F-922C-4901-ACC2-5D3B5AC76C4C}.Debug|x64.Build.0 = Debug|x64
		{0A21035F-922C-4901-ACC2-5D3B5AC76C4C}.Release|Any CPU.ActiveCfg = Release|Any CPU
		{0A21035F-922C-4901-ACC2-5D3B5AC76C4C}.Release|Any CPU.Build.0 = Release|Any CPU
		{0A21035F-922C-4901-ACC2-5D3B5AC76C4C}.Release|x64.ActiveCfg = Release|Any CPU
		{0A21035F-922C-4901-ACC2-5D3B5AC76C4C}.Release|x64.Build.0 = Release|Any CPU
		{EF90F427-7461-4507-9154-D64A3D58487A}.Debug|Any CPU.ActiveCfg = Debug|Any CPU
		{EF90F427-7461-4507-9154-D64A3D58487A}.Debug|Any CPU.Build.0 = Debug|Any CPU
		{EF90F427-7461-4507-9154-D64A3D58487A}.Debug|x64.ActiveCfg = Debug|x64
		{EF90F427-7461-4507-9154-D64A3D58487A}.Debug|x64.Build.0 = Debug|x64
		{EF90F427-7461-4507-9154-D64A3D58487A}.Release|Any CPU.ActiveCfg = Release|Any CPU
		{EF90F427-7461-4507-9154-D64A3D58487A}.Release|Any CPU.Build.0 = Release|Any CPU
		{EF90F427-7461-4507-9154-D64A3D58487A}.Release|x64.ActiveCfg = Release|Any CPU
		{EF90F427-7461-4507-9154-D64A3D58487A}.Release|x64.Build.0 = Release|Any CPU
		{CA0CB117-B0F8-40DD-B563-53B26D009E80}.Debug|Any CPU.ActiveCfg = Debug|Any CPU
		{CA0CB117-B0F8-40DD-B563-53B26D009E80}.Debug|Any CPU.Build.0 = Debug|Any CPU
		{CA0CB117-B0F8-40DD-B563-53B26D009E80}.Debug|x64.ActiveCfg = Debug|x64
		{CA0CB117-B0F8-40DD-B563-53B26D009E80}.Debug|x64.Build.0 = Debug|x64
		{CA0CB117-B0F8-40DD-B563-53B26D009E80}.Release|Any CPU.ActiveCfg = Release|Any CPU
		{CA0CB117-B0F8-40DD-B563-53B26D009E80}.Release|Any CPU.Build.0 = Release|Any CPU
		{CA0CB117-B0F8-40DD-B563-53B26D009E80}.Release|x64.ActiveCfg = Release|Any CPU
		{CA0CB117-B0F8-40DD-B563-53B26D009E80}.Release|x64.Build.0 = Release|Any CPU
		{87EB8BCF-882E-4154-8ABD-BD6B85AF002C}.Debug|Any CPU.ActiveCfg = Debug|Any CPU
		{87EB8BCF-882E-4154-8ABD-BD6B85AF002C}.Debug|Any CPU.Build.0 = Debug|Any CPU
		{87EB8BCF-882E-4154-8ABD-BD6B85AF002C}.Debug|x64.ActiveCfg = Debug|x64
		{87EB8BCF-882E-4154-8ABD-BD6B85AF002C}.Debug|x64.Build.0 = Debug|x64
		{87EB8BCF-882E-4154-8ABD-BD6B85AF002C}.Release|Any CPU.ActiveCfg = Release|Any CPU
		{87EB8BCF-882E-4154-8ABD-BD6B85AF002C}.Release|Any CPU.Build.0 = Release|Any CPU
		{87EB8BCF-882E-4154-8ABD-BD6B85AF002C}.Release|x64.ActiveCfg = Release|Any CPU
		{87EB8BCF-882E-4154-8ABD-BD6B85AF002C}.Release|x64.Build.0 = Release|Any CPU
		{7732FF63-E7B4-4721-8516-9762169EB56E}.Debug|Any CPU.ActiveCfg = Debug|x64
		{7732FF63-E7B4-4721-8516-9762169EB56E}.Debug|x64.ActiveCfg = Debug|x64
		{7732FF63-E7B4-4721-8516-9762169EB56E}.Debug|x64.Build.0 = Debug|x64
		{7732FF63-E7B4-4721-8516-9762169EB56E}.Release|Any CPU.ActiveCfg = Release|x64
		{7732FF63-E7B4-4721-8516-9762169EB56E}.Release|x64.ActiveCfg = Release|x64
		{7732FF63-E7B4-4721-8516-9762169EB56E}.Release|x64.Build.0 = Release|x64
		{7C0CD488-C747-411B-9283-122596E88090}.Debug|Any CPU.ActiveCfg = Debug|Any CPU
		{7C0CD488-C747-411B-9283-122596E88090}.Debug|Any CPU.Build.0 = Debug|Any CPU
		{7C0CD488-C747-411B-9283-122596E88090}.Debug|x64.ActiveCfg = Debug|x64
		{7C0CD488-C747-411B-9283-122596E88090}.Debug|x64.Build.0 = Debug|x64
		{7C0CD488-C747-411B-9283-122596E88090}.Release|Any CPU.ActiveCfg = Release|Any CPU
		{7C0CD488-C747-411B-9283-122596E88090}.Release|Any CPU.Build.0 = Release|Any CPU
		{7C0CD488-C747-411B-9283-122596E88090}.Release|x64.ActiveCfg = Release|Any CPU
		{7C0CD488-C747-411B-9283-122596E88090}.Release|x64.Build.0 = Release|Any CPU
		{D076EF4B-69C1-40C8-BD02-24C37074F53C}.Debug|Any CPU.ActiveCfg = Debug|Any CPU
		{D076EF4B-69C1-40C8-BD02-24C37074F53C}.Debug|Any CPU.Build.0 = Debug|Any CPU
		{D076EF4B-69C1-40C8-BD02-24C37074F53C}.Debug|x64.ActiveCfg = Debug|x64
		{D076EF4B-69C1-40C8-BD02-24C37074F53C}.Debug|x64.Build.0 = Debug|x64
		{D076EF4B-69C1-40C8-BD02-24C37074F53C}.Release|Any CPU.ActiveCfg = Release|Any CPU
		{D076EF4B-69C1-40C8-BD02-24C37074F53C}.Release|Any CPU.Build.0 = Release|Any CPU
		{D076EF4B-69C1-40C8-BD02-24C37074F53C}.Release|x64.ActiveCfg = Release|Any CPU
		{D076EF4B-69C1-40C8-BD02-24C37074F53C}.Release|x64.Build.0 = Release|Any CPU
		{EBC29621-454E-4550-8491-EAEF4B29986B}.Debug|Any CPU.ActiveCfg = Debug|Any CPU
		{EBC29621-454E-4550-8491-EAEF4B29986B}.Debug|Any CPU.Build.0 = Debug|Any CPU
		{EBC29621-454E-4550-8491-EAEF4B29986B}.Debug|x64.ActiveCfg = Debug|x64
		{EBC29621-454E-4550-8491-EAEF4B29986B}.Debug|x64.Build.0 = Debug|x64
		{EBC29621-454E-4550-8491-EAEF4B29986B}.Release|Any CPU.ActiveCfg = Release|Any CPU
		{EBC29621-454E-4550-8491-EAEF4B29986B}.Release|Any CPU.Build.0 = Release|Any CPU
		{EBC29621-454E-4550-8491-EAEF4B29986B}.Release|x64.ActiveCfg = Release|Any CPU
		{EBC29621-454E-4550-8491-EAEF4B29986B}.Release|x64.Build.0 = Release|Any CPU
		{35EB291A-054A-4A6E-94F3-E30CF6B00484}.Debug|Any CPU.ActiveCfg = Debug|x64
		{35EB291A-054A-4A6E-94F3-E30CF6B00484}.Debug|x64.ActiveCfg = Debug|x64
		{35EB291A-054A-4A6E-94F3-E30CF6B00484}.Debug|x64.Build.0 = Debug|x64
		{35EB291A-054A-4A6E-94F3-E30CF6B00484}.Debug|x64.Deploy.0 = Debug|x64
		{35EB291A-054A-4A6E-94F3-E30CF6B00484}.Release|Any CPU.ActiveCfg = Release|x64
		{35EB291A-054A-4A6E-94F3-E30CF6B00484}.Release|x64.ActiveCfg = Release|x64
		{35EB291A-054A-4A6E-94F3-E30CF6B00484}.Release|x64.Build.0 = Release|x64
		{35EB291A-054A-4A6E-94F3-E30CF6B00484}.Release|x64.Deploy.0 = Release|x64
		{93DEDF60-F8E4-4BD9-AC23-168556165931}.Debug|Any CPU.ActiveCfg = Debug|x64
		{93DEDF60-F8E4-4BD9-AC23-168556165931}.Debug|x64.ActiveCfg = Debug|x64
		{93DEDF60-F8E4-4BD9-AC23-168556165931}.Debug|x64.Build.0 = Debug|x64
		{93DEDF60-F8E4-4BD9-AC23-168556165931}.Release|Any CPU.ActiveCfg = Release|x64
		{93DEDF60-F8E4-4BD9-AC23-168556165931}.Release|x64.ActiveCfg = Release|x64
		{93DEDF60-F8E4-4BD9-AC23-168556165931}.Release|x64.Build.0 = Release|x64
		{68F340B3-6A52-406C-91CB-D25A1425ACDF}.Debug|Any CPU.ActiveCfg = Debug|x64
		{68F340B3-6A52-406C-91CB-D25A1425ACDF}.Debug|x64.ActiveCfg = Debug|x64
		{68F340B3-6A52-406C-91CB-D25A1425ACDF}.Debug|x64.Build.0 = Debug|x64
		{68F340B3-6A52-406C-91CB-D25A1425ACDF}.Release|Any CPU.ActiveCfg = Release|x64
		{68F340B3-6A52-406C-91CB-D25A1425ACDF}.Release|x64.ActiveCfg = Release|x64
		{68F340B3-6A52-406C-91CB-D25A1425ACDF}.Release|x64.Build.0 = Release|x64
		{34DC23FA-F837-4677-B8D9-830E0D19530A}.Debug|Any CPU.ActiveCfg = Debug|x64
		{34DC23FA-F837-4677-B8D9-830E0D19530A}.Debug|x64.ActiveCfg = Debug|x64
		{34DC23FA-F837-4677-B8D9-830E0D19530A}.Debug|x64.Build.0 = Debug|x64
		{34DC23FA-F837-4677-B8D9-830E0D19530A}.Debug|x64.Deploy.0 = Debug|x64
		{34DC23FA-F837-4677-B8D9-830E0D19530A}.Release|Any CPU.ActiveCfg = Release|x64
		{34DC23FA-F837-4677-B8D9-830E0D19530A}.Release|x64.ActiveCfg = Release|x64
		{34DC23FA-F837-4677-B8D9-830E0D19530A}.Release|x64.Build.0 = Release|x64
		{34DC23FA-F837-4677-B8D9-830E0D19530A}.Release|x64.Deploy.0 = Release|x64
		{60FA741A-D1DA-4812-AE2B-7586512211D9}.Debug|Any CPU.ActiveCfg = Debug|x64
		{60FA741A-D1DA-4812-AE2B-7586512211D9}.Debug|x64.ActiveCfg = Debug|x64
		{60FA741A-D1DA-4812-AE2B-7586512211D9}.Debug|x64.Build.0 = Debug|x64
		{60FA741A-D1DA-4812-AE2B-7586512211D9}.Release|Any CPU.ActiveCfg = Release|x64
		{60FA741A-D1DA-4812-AE2B-7586512211D9}.Release|x64.ActiveCfg = Release|x64
		{60FA741A-D1DA-4812-AE2B-7586512211D9}.Release|x64.Build.0 = Release|x64
		{D80BE7A4-1D5A-467E-892E-156EEC13E626}.Debug|Any CPU.ActiveCfg = Debug|x64
		{D80BE7A4-1D5A-467E-892E-156EEC13E626}.Debug|x64.ActiveCfg = Debug|x64
		{D80BE7A4-1D5A-467E-892E-156EEC13E626}.Debug|x64.Build.0 = Debug|x64
		{D80BE7A4-1D5A-467E-892E-156EEC13E626}.Release|Any CPU.ActiveCfg = Release|x64
		{D80BE7A4-1D5A-467E-892E-156EEC13E626}.Release|x64.ActiveCfg = Release|x64
		{D80BE7A4-1D5A-467E-892E-156EEC13E626}.Release|x64.Build.0 = Release|x64
		{FEBB4D3B-9C4A-45CA-A305-1F9D135D0A40}.Debug|Any CPU.ActiveCfg = Debug|x64
		{FEBB4D3B-9C4A-45CA-A305-1F9D135D0A40}.Debug|x64.ActiveCfg = Debug|x64
		{FEBB4D3B-9C4A-45CA-A305-1F9D135D0A40}.Debug|x64.Build.0 = Debug|x64
		{FEBB4D3B-9C4A-45CA-A305-1F9D135D0A40}.Release|Any CPU.ActiveCfg = Release|x64
		{FEBB4D3B-9C4A-45CA-A305-1F9D135D0A40}.Release|x64.ActiveCfg = Release|x64
		{FEBB4D3B-9C4A-45CA-A305-1F9D135D0A40}.Release|x64.Build.0 = Release|x64
		{792F3BDB-19CC-4DAF-A31B-50AB5812AD89}.Debug|Any CPU.ActiveCfg = Debug|Any CPU
		{792F3BDB-19CC-4DAF-A31B-50AB5812AD89}.Debug|Any CPU.Build.0 = Debug|Any CPU
		{792F3BDB-19CC-4DAF-A31B-50AB5812AD89}.Debug|x64.ActiveCfg = Debug|x64
		{792F3BDB-19CC-4DAF-A31B-50AB5812AD89}.Debug|x64.Build.0 = Debug|x64
		{792F3BDB-19CC-4DAF-A31B-50AB5812AD89}.Release|Any CPU.ActiveCfg = Release|Any CPU
		{792F3BDB-19CC-4DAF-A31B-50AB5812AD89}.Release|Any CPU.Build.0 = Release|Any CPU
		{792F3BDB-19CC-4DAF-A31B-50AB5812AD89}.Release|x64.ActiveCfg = Release|Any CPU
		{792F3BDB-19CC-4DAF-A31B-50AB5812AD89}.Release|x64.Build.0 = Release|Any CPU
		{7C2E8A2F-5CCC-4BE8-94B4-3330183FCFA4}.Debug|Any CPU.ActiveCfg = Debug|x64
		{7C2E8A2F-5CCC-4BE8-94B4-3330183FCFA4}.Debug|x64.ActiveCfg = Debug|x64
		{7C2E8A2F-5CCC-4BE8-94B4-3330183FCFA4}.Debug|x64.Build.0 = Debug|x64
		{7C2E8A2F-5CCC-4BE8-94B4-3330183FCFA4}.Release|Any CPU.ActiveCfg = Release|x64
		{7C2E8A2F-5CCC-4BE8-94B4-3330183FCFA4}.Release|x64.ActiveCfg = Release|x64
		{7C2E8A2F-5CCC-4BE8-94B4-3330183FCFA4}.Release|x64.Build.0 = Release|x64
		{338353BE-2143-4CD1-B25D-140C0E3AAD81}.Debug|Any CPU.ActiveCfg = Debug|x64
		{338353BE-2143-4CD1-B25D-140C0E3AAD81}.Debug|x64.ActiveCfg = Debug|x64
		{338353BE-2143-4CD1-B25D-140C0E3AAD81}.Debug|x64.Build.0 = Debug|x64
		{338353BE-2143-4CD1-B25D-140C0E3AAD81}.Release|Any CPU.ActiveCfg = Release|x64
		{338353BE-2143-4CD1-B25D-140C0E3AAD81}.Release|x64.ActiveCfg = Release|x64
		{338353BE-2143-4CD1-B25D-140C0E3AAD81}.Release|x64.Build.0 = Release|x64
		{6F60D6D1-9AE3-40BF-8C8F-77373D2819F2}.Debug|Any CPU.ActiveCfg = Debug|x64
		{6F60D6D1-9AE3-40BF-8C8F-77373D2819F2}.Debug|x64.ActiveCfg = Debug|x64
		{6F60D6D1-9AE3-40BF-8C8F-77373D2819F2}.Debug|x64.Build.0 = Debug|x64
		{6F60D6D1-9AE3-40BF-8C8F-77373D2819F2}.Release|Any CPU.ActiveCfg = Release|x64
		{6F60D6D1-9AE3-40BF-8C8F-77373D2819F2}.Release|x64.ActiveCfg = Release|x64
		{6F60D6D1-9AE3-40BF-8C8F-77373D2819F2}.Release|x64.Build.0 = Release|x64
		{1AB9EE5D-09D7-4BEA-A3B9-AC7A7AD06B3A}.Debug|Any CPU.ActiveCfg = Debug|x64
		{1AB9EE5D-09D7-4BEA-A3B9-AC7A7AD06B3A}.Debug|x64.ActiveCfg = Debug|x64
		{1AB9EE5D-09D7-4BEA-A3B9-AC7A7AD06B3A}.Debug|x64.Build.0 = Debug|x64
		{1AB9EE5D-09D7-4BEA-A3B9-AC7A7AD06B3A}.Release|Any CPU.ActiveCfg = Release|x64
		{1AB9EE5D-09D7-4BEA-A3B9-AC7A7AD06B3A}.Release|x64.ActiveCfg = Release|x64
		{1AB9EE5D-09D7-4BEA-A3B9-AC7A7AD06B3A}.Release|x64.Build.0 = Release|x64
	EndGlobalSection
	GlobalSection(SolutionProperties) = preSolution
		HideSolutionNode = FALSE
	EndGlobalSection
	GlobalSection(NestedProjects) = preSolution
		{A9787907-9DAE-4DD0-8057-5B22F1EF2A53} = {A774C855-46E5-4D56-B309-B3B7DA38672C}
		{CA0CB117-B0F8-40DD-B563-53B26D009E80} = {54F42B20-575F-407E-ABCF-681370D0687D}
		{87EB8BCF-882E-4154-8ABD-BD6B85AF002C} = {54F42B20-575F-407E-ABCF-681370D0687D}
		{7732FF63-E7B4-4721-8516-9762169EB56E} = {29B4BDF9-A71A-4E5F-ADC6-C95B94CA2EDF}
		{93DEDF60-F8E4-4BD9-AC23-168556165931} = {29B4BDF9-A71A-4E5F-ADC6-C95B94CA2EDF}
		{68F340B3-6A52-406C-91CB-D25A1425ACDF} = {29B4BDF9-A71A-4E5F-ADC6-C95B94CA2EDF}
		{60FA741A-D1DA-4812-AE2B-7586512211D9} = {29B4BDF9-A71A-4E5F-ADC6-C95B94CA2EDF}
		{D80BE7A4-1D5A-467E-892E-156EEC13E626} = {29B4BDF9-A71A-4E5F-ADC6-C95B94CA2EDF}
		{FEBB4D3B-9C4A-45CA-A305-1F9D135D0A40} = {29B4BDF9-A71A-4E5F-ADC6-C95B94CA2EDF}
		{7C2E8A2F-5CCC-4BE8-94B4-3330183FCFA4} = {A774C855-46E5-4D56-B309-B3B7DA38672C}
		{338353BE-2143-4CD1-B25D-140C0E3AAD81} = {29B4BDF9-A71A-4E5F-ADC6-C95B94CA2EDF}
		{6F60D6D1-9AE3-40BF-8C8F-77373D2819F2} = {29B4BDF9-A71A-4E5F-ADC6-C95B94CA2EDF}
		{1AB9EE5D-09D7-4BEA-A3B9-AC7A7AD06B3A} = {29B4BDF9-A71A-4E5F-ADC6-C95B94CA2EDF}
	EndGlobalSection
EndGlobal
